
Microsoft Visual Studio Solution File, Format Version 12.00
# Visual Studio Version 17
VisualStudioVersion = 17.9.34728.123
MinimumVisualStudioVersion = 10.0.40219.1
Project("{FAE04EC0-301F-11D3-BF4B-00C04F79EFBC}") = "Task1", "Task1\Task1.csproj", "{B89CED7E-1620-46F9-B236-7C7C7E9447AB}"
EndProject
Project("{FAE04EC0-301F-11D3-BF4B-00C04F79EFBC}") = "Task2", "Task2\Task2.csproj", "{90EE2381-5366-4F6D-8E8E-0C571840DEA9}"
EndProject
Project("{FAE04EC0-301F-11D3-BF4B-00C04F79EFBC}") = "Task3", "Task3\Task3.csproj", "{CC8CD55A-B2F1-47B2-8A7D-6909BD91D23B}"
EndProject
Project("{FAE04EC0-301F-11D3-BF4B-00C04F79EFBC}") = "Task4", "Task4\Task4.csproj", "{81B2B135-1C2F-48F4-91AC-6DC110061BE6}"
EndProject
Project("{FAE04EC0-301F-11D3-BF4B-00C04F79EFBC}") = "Task5", "Task5\Task5.csproj", "{A006A5F2-2202-40E7-83F1-425F5D50DE5C}"
EndProject
Project("{FAE04EC0-301F-11D3-BF4B-00C04F79EFBC}") = "Task6", "Task6\Task6.csproj", "{BA2F2332-3A9D-4690-A672-CE2D6271448C}"
EndProject
Global
	GlobalSection(SolutionConfigurationPlatforms) = preSolution
		Debug|Any CPU = Debug|Any CPU
		Release|Any CPU = Release|Any CPU
	EndGlobalSection
	GlobalSection(ProjectConfigurationPlatforms) = postSolution
		{B89CED7E-1620-46F9-B236-7C7C7E9447AB}.Debug|Any CPU.ActiveCfg = Debug|Any CPU
		{B89CED7E-1620-46F9-B236-7C7C7E9447AB}.Debug|Any CPU.Build.0 = Debug|Any CPU
		{B89CED7E-1620-46F9-B236-7C7C7E9447AB}.Release|Any CPU.ActiveCfg = Release|Any CPU
		{B89CED7E-1620-46F9-B236-7C7C7E9447AB}.Release|Any CPU.Build.0 = Release|Any CPU
		{90EE2381-5366-4F6D-8E8E-0C571840DEA9}.Debug|Any CPU.ActiveCfg = Debug|Any CPU
		{90EE2381-5366-4F6D-8E8E-0C571840DEA9}.Debug|Any CPU.Build.0 = Debug|Any CPU
		{90EE2381-5366-4F6D-8E8E-0C571840DEA9}.Release|Any CPU.ActiveCfg = Release|Any CPU
		{90EE2381-5366-4F6D-8E8E-0C571840DEA9}.Release|Any CPU.Build.0 = Release|Any CPU
		{CC8CD55A-B2F1-47B2-8A7D-6909BD91D23B}.Debug|Any CPU.ActiveCfg = Debug|Any CPU
		{CC8CD55A-B2F1-47B2-8A7D-6909BD91D23B}.Debug|Any CPU.Build.0 = Debug|Any CPU
		{CC8CD55A-B2F1-47B2-8A7D-6909BD91D23B}.Release|Any CPU.ActiveCfg = Release|Any CPU
		{CC8CD55A-B2F1-47B2-8A7D-6909BD91D23B}.Release|Any CPU.Build.0 = Release|Any CPU
		{81B2B135-1C2F-48F4-91AC-6DC110061BE6}.Debug|Any CPU.ActiveCfg = Debug|Any CPU
		{81B2B135-1C2F-48F4-91AC-6DC110061BE6}.Debug|Any CPU.Build.0 = Debug|Any CPU
		{81B2B135-1C2F-48F4-91AC-6DC110061BE6}.Release|Any CPU.ActiveCfg = Release|Any CPU
		{81B2B135-1C2F-48F4-91AC-6DC110061BE6}.Release|Any CPU.Build.0 = Release|Any CPU
		{A006A5F2-2202-40E7-83F1-425F5D50DE5C}.Debug|Any CPU.ActiveCfg = Debug|Any CPU
		{A006A5F2-2202-40E7-83F1-425F5D50DE5C}.Debug|Any CPU.Build.0 = Debug|Any CPU
		{A006A5F2-2202-40E7-83F1-425F5D50DE5C}.Release|Any CPU.ActiveCfg = Release|Any CPU
		{A006A5F2-2202-40E7-83F1-425F5D50DE5C}.Release|Any CPU.Build.0 = Release|Any CPU
		{BA2F2332-3A9D-4690-A672-CE2D6271448C}.Debug|Any CPU.ActiveCfg = Debug|Any CPU
		{BA2F2332-3A9D-4690-A672-CE2D6271448C}.Debug|Any CPU.Build.0 = Debug|Any CPU
		{BA2F2332-3A9D-4690-A672-CE2D6271448C}.Release|Any CPU.ActiveCfg = Release|Any CPU
		{BA2F2332-3A9D-4690-A672-CE2D6271448C}.Release|Any CPU.Build.0 = Release|Any CPU
	EndGlobalSection
	GlobalSection(SolutionProperties) = preSolution
		HideSolutionNode = FALSE
	EndGlobalSection
	GlobalSection(ExtensibilityGlobals) = postSolution
		SolutionGuid = {AF5840DE-AAB2-43DE-8FC4-56352295EB45}
	EndGlobalSection
EndGlobal
